
Microsoft Visual Studio Solution File, Format Version 12.00
# Visual Studio 14
VisualStudioVersion = 14.0.25123.0
MinimumVisualStudioVersion = 10.0.40219.1
Project("{FAE04EC0-301F-11D3-BF4B-00C04F79EFBC}") = "RunnerTracker.Core", "RunnerTracker.Core\RunnerTracker.Core.csproj", "{F100A827-FD10-4756-8511-C4B1327C933B}"
EndProject
Project("{FAE04EC0-301F-11D3-BF4B-00C04F79EFBC}") = "RunnerTracker", "RunnerTracker\RunnerTracker.csproj", "{0C5DE167-F9D4-447C-A1C4-C8D3198268B5}"
EndProject
Project("{FAE04EC0-301F-11D3-BF4B-00C04F79EFBC}") = "Microsoft.Azure.Devices", "D:\GitHub\csharp\service\Microsoft.Azure.Devices\Microsoft.Azure.Devices.csproj", "{7FC2A03F-36FE-44C5-A1EF-5B1F11458350}"
EndProject
Global
	GlobalSection(SolutionConfigurationPlatforms) = preSolution
		Debug|Any CPU = Debug|Any CPU
		Release_Delay_Sign|Any CPU = Release_Delay_Sign|Any CPU
		Release|Any CPU = Release|Any CPU
	EndGlobalSection
	GlobalSection(ProjectConfigurationPlatforms) = postSolution
		{F100A827-FD10-4756-8511-C4B1327C933B}.Debug|Any CPU.ActiveCfg = Debug|Any CPU
		{F100A827-FD10-4756-8511-C4B1327C933B}.Debug|Any CPU.Build.0 = Debug|Any CPU
		{F100A827-FD10-4756-8511-C4B1327C933B}.Release_Delay_Sign|Any CPU.ActiveCfg = Release|Any CPU
		{F100A827-FD10-4756-8511-C4B1327C933B}.Release_Delay_Sign|Any CPU.Build.0 = Release|Any CPU
		{F100A827-FD10-4756-8511-C4B1327C933B}.Release|Any CPU.ActiveCfg = Release|Any CPU
		{F100A827-FD10-4756-8511-C4B1327C933B}.Release|Any CPU.Build.0 = Release|Any CPU
		{0C5DE167-F9D4-447C-A1C4-C8D3198268B5}.Debug|Any CPU.ActiveCfg = Debug|Any CPU
		{0C5DE167-F9D4-447C-A1C4-C8D3198268B5}.Debug|Any CPU.Build.0 = Debug|Any CPU
		{0C5DE167-F9D4-447C-A1C4-C8D3198268B5}.Debug|Any CPU.Deploy.0 = Debug|Any CPU
		{0C5DE167-F9D4-447C-A1C4-C8D3198268B5}.Release_Delay_Sign|Any CPU.ActiveCfg = Release|Any CPU
		{0C5DE167-F9D4-447C-A1C4-C8D3198268B5}.Release_Delay_Sign|Any CPU.Build.0 = Release|Any CPU
		{0C5DE167-F9D4-447C-A1C4-C8D3198268B5}.Release_Delay_Sign|Any CPU.Deploy.0 = Release|Any CPU
		{0C5DE167-F9D4-447C-A1C4-C8D3198268B5}.Release|Any CPU.ActiveCfg = Release|Any CPU
		{0C5DE167-F9D4-447C-A1C4-C8D3198268B5}.Release|Any CPU.Build.0 = Release|Any CPU
		{0C5DE167-F9D4-447C-A1C4-C8D3198268B5}.Release|Any CPU.Deploy.0 = Release|Any CPU
		{7FC2A03F-36FE-44C5-A1EF-5B1F11458350}.Debug|Any CPU.ActiveCfg = Debug|Any CPU
		{7FC2A03F-36FE-44C5-A1EF-5B1F11458350}.Debug|Any CPU.Build.0 = Debug|Any CPU
		{7FC2A03F-36FE-44C5-A1EF-5B1F11458350}.Release_Delay_Sign|Any CPU.ActiveCfg = Release_Delay_Sign|Any CPU
		{7FC2A03F-36FE-44C5-A1EF-5B1F11458350}.Release_Delay_Sign|Any CPU.Build.0 = Release_Delay_Sign|Any CPU
		{7FC2A03F-36FE-44C5-A1EF-5B1F11458350}.Release|Any CPU.ActiveCfg = Release|Any CPU
		{7FC2A03F-36FE-44C5-A1EF-5B1F11458350}.Release|Any CPU.Build.0 = Release|Any CPU
	EndGlobalSection
	GlobalSection(SolutionProperties) = preSolution
		HideSolutionNode = FALSE
	EndGlobalSection
EndGlobal
